
Microsoft Visual Studio Solution File, Format Version 12.00
Project("{FAE04EC0-301F-11D3-BF4B-00C04F79EFBC}") = "lab5", "lab5\lab5.csproj", "{F8760701-68DA-4277-927E-3019B87B3EDA}"
EndProject
Global
	GlobalSection(SolutionConfigurationPlatforms) = preSolution
		Debug|Any CPU = Debug|Any CPU
		Release|Any CPU = Release|Any CPU
	EndGlobalSection
	GlobalSection(ProjectConfigurationPlatforms) = postSolution
		{F8760701-68DA-4277-927E-3019B87B3EDA}.Debug|Any CPU.ActiveCfg = Debug|Any CPU
		{F8760701-68DA-4277-927E-3019B87B3EDA}.Debug|Any CPU.Build.0 = Debug|Any CPU
		{F8760701-68DA-4277-927E-3019B87B3EDA}.Release|Any CPU.ActiveCfg = Release|Any CPU
		{F8760701-68DA-4277-927E-3019B87B3EDA}.Release|Any CPU.Build.0 = Release|Any CPU
	EndGlobalSection
EndGlobal
